schema: '2.0'
stages:
  prepare:
    cmd: python src/job_post_topic_modelling/prepare.py
    deps:
    - path: data/Jobnet.xlsx
      hash: md5
      md5: 26964e5ea3bf422d0f744b6fab9af448
      size: 13307578
    - path: src/job_post_topic_modelling/prepare.py
      hash: md5
      md5: 74b89c4b59cc34d96fbd3c4483e6cb7d
      size: 7950
    - path: src/job_post_topic_modelling/utils
      hash: md5
      md5: adc1a1647e7bca3e52bfaae09fc22d9e.dir
      size: 10489
      nfiles: 6
    params:
      params.yaml:
        prepare:
          settings:
            nobs: 1000
          star:
            usestar: 0
    outs:
    - path: data/texts.parquet
      hash: md5
      md5: 3dfe61ed4a9bf0128eb9c71bc4944fc6
      size: 878221
  train:
    cmd: python src/job_post_topic_modelling/train.py
    deps:
    - path: data/texts.parquet
      hash: md5
      md5: d11cc60341eaee7b126cda43e4d56b48
      size: 125177
    - path: src/job_post_topic_modelling/train.py
      hash: md5
      md5: aad65696f54b551359bc764aac233162
      size: 5390
    params:
      params.yaml:
        train:
          n_topics: 20
          embedding_model: all-MiniLM-L6-v2
          random_state: 42
    outs:
    - path: output/bertopic_topics.parquet
      hash: md5
      md5: 493115d7c7e346603ce8ebf9102a1d53
      size: 122877
  predict:
    cmd: python src/job_post_topic_modelling/predict.py
    deps:
    - path: data/embeddings.npy
      hash: md5
      md5: 55e82b008a4989bf77b93e8a5793202e
      size: 3915904
    - path: data/texts.parquet
      hash: md5
      md5: 3dfe61ed4a9bf0128eb9c71bc4944fc6
      size: 878221
    - path: src/job_post_topic_modelling/predict.py
      hash: md5
      md5: 454a0a183d48669534b071343cfbdcd2
      size: 7102
    - path: src/job_post_topic_modelling/utils
      hash: md5
      md5: adc1a1647e7bca3e52bfaae09fc22d9e.dir
      size: 10489
      nfiles: 6
    params:
      params.yaml:
        embed:
          embedding_model: intfloat/multilingual-e5-large-instruct
        predict:
          top_n_words: 20
          verbose: true
          embedding:
            embedding_model: intfloat/multilingual-e5-large-instruct
          dimensionality_reduction:
            model: UMAP
            n_neighbors: 15
            n_components: 5
            min_dist: 0.0
            metric: cosine
            random_state: 42
          clustering:
            model: HDBSCAN
            min_cluster_size: 15
            metric: euclidean
            cluster_selection_method: eom
            prediction_data: true
          vectorizer:
            model: CountVectorizer
            ngram_range:
            - 1
            - 3
            min_df: 10
            max_features: 10000
          c_TF_IDF:
            model: c_TF_IDF
            bm25_weighting: true
            reduce_frequent_words: true
          representation:
            model: KeyBERTInspired
    outs:
    - path: models/bertopic_model/config.json
      hash: md5
      md5: 8a0e79a5488a615175aa10b4690ea527
      size: 376
    - path: models/bertopic_model/topic_embeddings.safetensors
      hash: md5
      md5: fa4f85f5342d9e1f53ef844a17399b85
      size: 86104
    - path: models/bertopic_model/topics.json
      hash: md5
      md5: cc6cfb861a5070e924406d86121f776e
      size: 27557
  evaluate:
    cmd: python src/job_post_topic_modelling/evaluate.py
    deps:
    - path: models/bertopic_model
      hash: md5
      md5: e69db6ef4329aa0606fb3897c4b38bba.dir
      size: 114138
      nfiles: 4
    - path: src/job_post_topic_modelling/evaluate.py
      hash: md5
      md5: b85101d5f5d5b1c34fc5a08cd5a2a9e1
      size: 1158
    - path: src/job_post_topic_modelling/utils
      hash: md5
      md5: adc1a1647e7bca3e52bfaae09fc22d9e.dir
      size: 10489
      nfiles: 6
    outs:
    - path: output/topic_info.csv
      hash: md5
      md5: 5adeb4414607d06de2188fdcf5dd3445
      size: 5243
  embed:
    cmd: python src/job_post_topic_modelling/embed.py
    deps:
    - path: data/texts.parquet
      hash: md5
      md5: 3dfe61ed4a9bf0128eb9c71bc4944fc6
      size: 878221
    - path: src/job_post_topic_modelling/embed.py
      hash: md5
      md5: 73026b89b793d1ea3150f02ce56360e9
      size: 1185
    - path: src/job_post_topic_modelling/utils
      hash: md5
      md5: adc1a1647e7bca3e52bfaae09fc22d9e.dir
      size: 10489
      nfiles: 6
    params:
      params.yaml:
        embed:
          embedding_model: intfloat/multilingual-e5-large-instruct
    outs:
    - path: data/embeddings.npy
      hash: md5
      md5: 55e82b008a4989bf77b93e8a5793202e
      size: 3915904
