schema: '2.0'
stages:
  prepare:
    cmd: python src/job_post_topic_modelling/prepare.py
    deps:
    - path: data/Jobnet.xlsx
      hash: md5
      md5: 26964e5ea3bf422d0f744b6fab9af448
      size: 13307578
    - path: src/job_post_topic_modelling/prepare.py
      hash: md5
      md5: 40c889ace83a462bcb02730846b64c42
      size: 13813
    - path: src/job_post_topic_modelling/utils/find_project_root.py
      hash: md5
      md5: 865c2bda4ba114cec5b1b69baadf5a6f
      size: 3412
    - path: src/job_post_topic_modelling/utils/miscellaneous.py
      hash: md5
      md5: 3f51f157a4d1a15ec9594eadcfd40d02
      size: 1078
    params:
      params.yaml:
        prepare:
          settings:
            nobs:
            split_paragraphs: true
            split_sentences: true
          star:
            usestar: 1
    outs:
    - path: data/texts.parquet
      hash: md5
      md5: f6bf3d6f05d88f893282413947d4207d
      size: 1323202429
  train:
    cmd: python src/job_post_topic_modelling/train.py
    deps:
    - path: data/embeddings/
      hash: md5
      md5: 37a4aa2d0fd5a3d014777c0f6bf7de19.dir
      size: 63856933632
      nfiles: 42
    - path: data/texts.parquet
      hash: md5
      md5: f6bf3d6f05d88f893282413947d4207d
      size: 1323202429
    - path: src/job_post_topic_modelling/embed.py
      hash: md5
      md5: d8e0f4fc52a7a6b943aee0c494871abe
      size: 4521
    - path: src/job_post_topic_modelling/train.py
      hash: md5
      md5: 0c02d4962cab464e12cb12235c731bb3
      size: 8400
    - path: src/job_post_topic_modelling/utils/data_io.py
      hash: md5
      md5: 38c9d7aa5cd44970d1c40ae327840b97
      size: 1925
    - path: src/job_post_topic_modelling/utils/find_project_root.py
      hash: md5
      md5: 865c2bda4ba114cec5b1b69baadf5a6f
      size: 3412
    - path: src/job_post_topic_modelling/utils/miscellaneous.py
      hash: md5
      md5: 3f51f157a4d1a15ec9594eadcfd40d02
      size: 1078
    params:
      params.yaml:
        embed:
          settings:
            show_progress_bar: true
            batch_size: 64
            device:
            num_workers: 1
            shard_size: 1000000
          model:
            embedding_model: 
              sentence-transformers/paraphrase-multilingual-mpnet-base-v2
            use_model2vec: false
            pca_dims: 768
        train:
          settings:
            top_n_words: 20
            calculate_probabilities: false
            nr_topics:
            verbose: true
            nobs: 1000000
          seed_topics:
            seeds:
          dimensionality_reduction:
            model: UMAP
            n_neighbors: 60
            n_components: 5
            min_dist: 0.0
            metric: cosine
            random_state:
            low_memory: true
          clustering:
            model: HDBSCAN
            min_cluster_size: 1000
            min_samples: 500
            metric: euclidean
            cluster_selection_method: leaf
            prediction_data: true
    outs:
    - path: models/bertopic_model/config.json
      hash: md5
      md5: 2eaa2880ad0e39f3aec236bc0e6dfee6
      size: 432
    - path: output/predicted_topics_agg_train.parquet
      hash: md5
      md5: f36aadda6d8ea5f6673d86b559f283d4
      size: 2183522
    - path: output/predicted_topics_train.parquet
      hash: md5
      md5: 0aa832e5bd2a30ec97f64911ff1c4413
      size: 34978091
  predict:
    cmd: python src/job_post_topic_modelling/predict.py
    deps:
    - path: models/bertopic_model/topic_embeddings.safetensors
      hash: md5
      md5: e25388545183acad04506e9c717bd9bb
      size: 347224
    - path: src/job_post_topic_modelling/evaluate.py
      hash: md5
      md5: fdc66ab32e5d23015b69afde989ac3bd
      size: 15824
    - path: src/job_post_topic_modelling/predict.py
      hash: md5
      md5: 2df254e6e754140089f4a6f3777917d4
      size: 5326
    - path: src/job_post_topic_modelling/train.py
      hash: md5
      md5: 0c02d4962cab464e12cb12235c731bb3
      size: 8400
    - path: src/job_post_topic_modelling/utils/data_io.py
      hash: md5
      md5: 38c9d7aa5cd44970d1c40ae327840b97
      size: 1925
    - path: src/job_post_topic_modelling/utils/find_project_root.py
      hash: md5
      md5: 865c2bda4ba114cec5b1b69baadf5a6f
      size: 3412
    - path: src/job_post_topic_modelling/utils/log_html.py
      hash: md5
      md5: 2fdd05084829ea19c522272e0306d0f1
      size: 2846
    - path: src/job_post_topic_modelling/utils/miscellaneous.py
      hash: md5
      md5: 3f51f157a4d1a15ec9594eadcfd40d02
      size: 1078
    params:
      params.yaml:
        evaluate:
          vectorizer:
            model: CountVectorizer
            ngram_range:
            - 1
            - 3
            min_df: 10
            max_features: 100000
          c_TF_IDF:
            model: c_TF_IDF
            bm25_weighting: false
            reduce_frequent_words: false
          representation:
            model: MMR
            diversity: 0.2
          settings:
            similarity_phrase: fleksibel
            top_n: 8
        predict:
          settings:
            nobs: 2000000
            clustering: false
            batch_mode: false
            update_topics: true
        train:
          settings:
            top_n_words: 20
            calculate_probabilities: false
            nr_topics:
            verbose: true
            nobs: 1000000
          seed_topics:
            seeds:
          dimensionality_reduction:
            model: UMAP
            n_neighbors: 60
            n_components: 5
            min_dist: 0.0
            metric: cosine
            random_state:
            low_memory: true
          clustering:
            model: HDBSCAN
            min_cluster_size: 1000
            min_samples: 500
            metric: euclidean
            cluster_selection_method: leaf
            prediction_data: true
    outs:
    - path: output/predicted_topics.parquet
      hash: md5
      md5: bad6b144aa54b86b9d9bc6518d92c113
      size: 80249893
    - path: output/predicted_topics_agg.parquet
      hash: md5
      md5: 7fff3e8b71ab3e489ba75b236cac5d4e
      size: 11507371
  evaluate:
    cmd: python src/job_post_topic_modelling/evaluate.py
    deps:
    - path: models/bertopic_model/topics.json
      hash: md5
      md5: 661bee8bfcda07fe9a6bb9a1df4086ad
      size: 8064187
    - path: output/predicted_topics_agg.parquet
      hash: md5
      md5: 7fff3e8b71ab3e489ba75b236cac5d4e
      size: 11507371
    - path: output/predicted_topics_agg_train.parquet
      hash: md5
      md5: f36aadda6d8ea5f6673d86b559f283d4
      size: 2183522
    - path: src/job_post_topic_modelling/evaluate.py
      hash: md5
      md5: fdc66ab32e5d23015b69afde989ac3bd
      size: 15824
    - path: src/job_post_topic_modelling/utils/data_io.py
      hash: md5
      md5: 38c9d7aa5cd44970d1c40ae327840b97
      size: 1925
    - path: src/job_post_topic_modelling/utils/find_project_root.py
      hash: md5
      md5: 865c2bda4ba114cec5b1b69baadf5a6f
      size: 3412
    - path: src/job_post_topic_modelling/utils/log_html.py
      hash: md5
      md5: 2fdd05084829ea19c522272e0306d0f1
      size: 2846
    - path: src/job_post_topic_modelling/utils/miscellaneous.py
      hash: md5
      md5: 3f51f157a4d1a15ec9594eadcfd40d02
      size: 1078
    params:
      params.yaml:
        evaluate:
          vectorizer:
            model: CountVectorizer
            ngram_range:
            - 1
            - 3
            min_df: 10
            max_features: 100000
          c_TF_IDF:
            model: c_TF_IDF
            bm25_weighting: false
            reduce_frequent_words: false
          representation:
            model: MMR
            diversity: 0.2
          settings:
            similarity_phrase: fleksibel
            top_n: 8
    outs:
    - path: output/bertopic_model_representation
      hash: md5
      md5: 92a308ed9610ced39276d049235023f2.dir
      size: 8348111
      nfiles: 3
    - path: output/topic_info.csv
      hash: md5
      md5: a5a6e2b300040e13c415f918026261f1
      size: 26550
  embed:
    cmd: python src/job_post_topic_modelling/embed.py
    deps:
    - path: data/texts.parquet
      hash: md5
      md5: 6181876cb7c1a72a029818d7afff2c2e
      size: 802294
    - path: src/job_post_topic_modelling/embed.py
      hash: md5
      md5: d8e0f4fc52a7a6b943aee0c494871abe
      size: 4521
    - path: src/job_post_topic_modelling/utils/data_io.py
      hash: md5
      md5: 38c9d7aa5cd44970d1c40ae327840b97
      size: 1925
    - path: src/job_post_topic_modelling/utils/find_project_root.py
      hash: md5
      md5: 865c2bda4ba114cec5b1b69baadf5a6f
      size: 3412
    - path: src/job_post_topic_modelling/utils/miscellaneous.py
      hash: md5
      md5: 3f51f157a4d1a15ec9594eadcfd40d02
      size: 1078
    params:
      params.yaml:
        embed:
          settings:
            show_progress_bar: true
            batch_size: 64
            device:
            num_workers: 1
            shard_size: 1000000
          model:
            embedding_model: 
              sentence-transformers/paraphrase-multilingual-mpnet-base-v2
            use_model2vec: false
            pca_dims: 768
    outs:
    - path: data/embeddings/
      hash: md5
      md5: 37a4aa2d0fd5a3d014777c0f6bf7de19.dir
      size: 63856933632
      nfiles: 42
